
Microsoft Visual Studio Solution File, Format Version 12.00
# Visual Studio Version 17
VisualStudioVersion = 17.0.31903.59
MinimumVisualStudioVersion = 10.0.40219.1
Project("{FAE04EC0-301F-11D3-BF4B-00C04F79EFBC}") = "api-test-c#", "api-test-c#\api-test-c#.csproj", "{EAD1F9F9-9BD0-4FD8-A42B-1386F1A686D0}"
EndProject
Global
	GlobalSection(SolutionConfigurationPlatforms) = preSolution
		Debug|Any CPU = Debug|Any CPU
		Release|Any CPU = Release|Any CPU
	EndGlobalSection
	GlobalSection(SolutionProperties) = preSolution
		HideSolutionNode = FALSE
	EndGlobalSection
	GlobalSection(ProjectConfigurationPlatforms) = postSolution
		{EAD1F9F9-9BD0-4FD8-A42B-1386F1A686D0}.Debug|Any CPU.ActiveCfg = Debug|Any CPU
		{EAD1F9F9-9BD0-4FD8-A42B-1386F1A686D0}.Debug|Any CPU.Build.0 = Debug|Any CPU
		{EAD1F9F9-9BD0-4FD8-A42B-1386F1A686D0}.Release|Any CPU.ActiveCfg = Release|Any CPU
		{EAD1F9F9-9BD0-4FD8-A42B-1386F1A686D0}.Release|Any CPU.Build.0 = Release|Any CPU
	EndGlobalSection
EndGlobal
